// !$*UTF8*$!
{
	archiveVersion = 1;
	classes = {
	};
	objectVersion = 50;
	objects = {

/* Begin PBXBuildFile section */
		42754960AE42B5FB7CE5FCC8 /* Pods_BarbosaMAChat.framework in Frameworks */ = {isa = PBXBuildFile; fileRef = 30082086E6D80DF0245A6C30 /* Pods_BarbosaMAChat.framework */; };
		CD1FF535215DE9EF00175767 /* AppDelegate.swift in Sources */ = {isa = PBXBuildFile; fileRef = CD1FF534215DE9EF00175767 /* AppDelegate.swift */; };
		CD1FF537215DE9EF00175767 /* ChatViewController.swift in Sources */ = {isa = PBXBuildFile; fileRef = CD1FF536215DE9EF00175767 /* ChatViewController.swift */; };
		CD1FF53A215DE9F000175767 /* Main.storyboard in Resources */ = {isa = PBXBuildFile; fileRef = CD1FF538215DE9F000175767 /* Main.storyboard */; };
		CD1FF53C215DE9FE00175767 /* Assets.xcassets in Resources */ = {isa = PBXBuildFile; fileRef = CD1FF53B215DE9FE00175767 /* Assets.xcassets */; };
		CD1FF53F215DE9FE00175767 /* LaunchScreen.storyboard in Resources */ = {isa = PBXBuildFile; fileRef = CD1FF53D215DE9FE00175767 /* LaunchScreen.storyboard */; };
		CD2CBAE421977D07005E74D0 /* SocketManagerIO.swift in Sources */ = {isa = PBXBuildFile; fileRef = CD2CBAE321977D07005E74D0 /* SocketManagerIO.swift */; };
		CD2CBAE621978A23005E74D0 /* HomeViewController.swift in Sources */ = {isa = PBXBuildFile; fileRef = CD2CBAE521978A23005E74D0 /* HomeViewController.swift */; };
		CD2CBAE921979CFF005E74D0 /* BaseViewController.swift in Sources */ = {isa = PBXBuildFile; fileRef = CD2CBAE821979CFF005E74D0 /* BaseViewController.swift */; };
		CD63CD5121794E35004A192D /* ChatTableViewCell.swift in Sources */ = {isa = PBXBuildFile; fileRef = CD63CD5021794E34004A192D /* ChatTableViewCell.swift */; };
		CDE6CD0A219A5ADE00BB9DDC /* Constants.swift in Sources */ = {isa = PBXBuildFile; fileRef = CDE6CD09219A5ADE00BB9DDC /* Constants.swift */; };
/* End PBXBuildFile section */

/* Begin PBXFileReference section */
		30082086E6D80DF0245A6C30 /* Pods_BarbosaMAChat.framework */ = {isa = PBXFileReference; explicitFileType = wrapper.framework; includeInIndex = 0; path = Pods_BarbosaMAChat.framework; sourceTree = BUILT_PRODUCTS_DIR; };
		5A7762F60866F8A417A64860 /* Pods-BarbosaMAChat.debug.xcconfig */ = {isa = PBXFileReference; includeInIndex = 1; lastKnownFileType = text.xcconfig; name = "Pods-BarbosaMAChat.debug.xcconfig"; path = "Pods/Target Support Files/Pods-BarbosaMAChat/Pods-BarbosaMAChat.debug.xcconfig"; sourceTree = "<group>"; };
		CBCAAC31EB4E4A2BEB775898 /* Pods-BarbosaMAChat.release.xcconfig */ = {isa = PBXFileReference; includeInIndex = 1; lastKnownFileType = text.xcconfig; name = "Pods-BarbosaMAChat.release.xcconfig"; path = "Pods/Target Support Files/Pods-BarbosaMAChat/Pods-BarbosaMAChat.release.xcconfig"; sourceTree = "<group>"; };
		CD1FF531215DE9EF00175767 /* BarbosaMAChat.app */ = {isa = PBXFileReference; explicitFileType = wrapper.application; includeInIndex = 0; path = BarbosaMAChat.app; sourceTree = BUILT_PRODUCTS_DIR; };
		CD1FF534215DE9EF00175767 /* AppDelegate.swift */ = {isa = PBXFileReference; lastKnownFileType = sourcecode.swift; path = AppDelegate.swift; sourceTree = "<group>"; };
		CD1FF536215DE9EF00175767 /* ChatViewController.swift */ = {isa = PBXFileReference; lastKnownFileType = sourcecode.swift; path = ChatViewController.swift; sourceTree = "<group>"; };
		CD1FF539215DE9F000175767 /* Base */ = {isa = PBXFileReference; lastKnownFileType = file.storyboard; name = Base; path = Base.lproj/Main.storyboard; sourceTree = "<group>"; };
		CD1FF53B215DE9FE00175767 /* Assets.xcassets */ = {isa = PBXFileReference; lastKnownFileType = folder.assetcatalog; path = Assets.xcassets; sourceTree = "<group>"; };
		CD1FF53E215DE9FE00175767 /* Base */ = {isa = PBXFileReference; lastKnownFileType = file.storyboard; name = Base; path = Base.lproj/LaunchScreen.storyboard; sourceTree = "<group>"; };
		CD1FF540215DE9FE00175767 /* Info.plist */ = {isa = PBXFileReference; lastKnownFileType = text.plist.xml; path = Info.plist; sourceTree = "<group>"; };
		CD2CBAE321977D07005E74D0 /* SocketManagerIO.swift */ = {isa = PBXFileReference; lastKnownFileType = sourcecode.swift; path = SocketManagerIO.swift; sourceTree = "<group>"; };
		CD2CBAE521978A23005E74D0 /* HomeViewController.swift */ = {isa = PBXFileReference; lastKnownFileType = sourcecode.swift; path = HomeViewController.swift; sourceTree = "<group>"; };
		CD2CBAE821979CFF005E74D0 /* BaseViewController.swift */ = {isa = PBXFileReference; lastKnownFileType = sourcecode.swift; path = BaseViewController.swift; sourceTree = "<group>"; };
		CD63CD5021794E34004A192D /* ChatTableViewCell.swift */ = {isa = PBXFileReference; lastKnownFileType = sourcecode.swift; path = ChatTableViewCell.swift; sourceTree = "<group>"; };
		CDD1FF97219A72D800597FE0 /* pt-BR */ = {isa = PBXFileReference; lastKnownFileType = text.plist.strings; name = "pt-BR"; path = "pt-BR.lproj/Main.strings"; sourceTree = "<group>"; };
		CDD1FF98219A72D800597FE0 /* pt-BR */ = {isa = PBXFileReference; lastKnownFileType = text.plist.strings; name = "pt-BR"; path = "pt-BR.lproj/LaunchScreen.strings"; sourceTree = "<group>"; };
		CDE6CD09219A5ADE00BB9DDC /* Constants.swift */ = {isa = PBXFileReference; lastKnownFileType = sourcecode.swift; path = Constants.swift; sourceTree = "<group>"; };
/* End PBXFileReference section */

/* Begin PBXFrameworksBuildPhase section */
		CD1FF52E215DE9EF00175767 /* Frameworks */ = {
			isa = PBXFrameworksBuildPhase;
			buildActionMask = 2147483647;
			files = (
				42754960AE42B5FB7CE5FCC8 /* Pods_BarbosaMAChat.framework in Frameworks */,
			);
			runOnlyForDeploymentPostprocessing = 0;
		};
/* End PBXFrameworksBuildPhase section */

/* Begin PBXGroup section */
		1DAB5962D9B55B15BE559CE0 /* Frameworks */ = {
			isa = PBXGroup;
			children = (
				30082086E6D80DF0245A6C30 /* Pods_BarbosaMAChat.framework */,
			);
			name = Frameworks;
			sourceTree = "<group>";
		};
		CD1FF528215DE9EF00175767 = {
			isa = PBXGroup;
			children = (
				CD1FF533215DE9EF00175767 /* BarbosaMAChat */,
				CD1FF532215DE9EF00175767 /* Products */,
				DBACACED16C822981274D5B2 /* Pods */,
				1DAB5962D9B55B15BE559CE0 /* Frameworks */,
			);
			sourceTree = "<group>";
		};
		CD1FF532215DE9EF00175767 /* Products */ = {
			isa = PBXGroup;
			children = (
				CD1FF531215DE9EF00175767 /* BarbosaMAChat.app */,
			);
			name = Products;
			sourceTree = "<group>";
		};
		CD1FF533215DE9EF00175767 /* BarbosaMAChat */ = {
			isa = PBXGroup;
			children = (
				CDE6CD07219A5AC300BB9DDC /* Helpers */,
				CD371084219A55B000281985 /* Models */,
				CD371082219A555F00281985 /* Views */,
				CD371080219A550E00281985 /* ViewControllers */,
				CD1FF534215DE9EF00175767 /* AppDelegate.swift */,
				CD1FF538215DE9F000175767 /* Main.storyboard */,
				CD1FF53B215DE9FE00175767 /* Assets.xcassets */,
				CD1FF53D215DE9FE00175767 /* LaunchScreen.storyboard */,
				CD1FF540215DE9FE00175767 /* Info.plist */,
			);
			path = BarbosaMAChat;
			sourceTree = "<group>";
		};
		CD2CBAE721979CE8005E74D0 /* BaseViewController */ = {
			isa = PBXGroup;
			children = (
				CD2CBAE821979CFF005E74D0 /* BaseViewController.swift */,
			);
			path = BaseViewController;
			sourceTree = "<group>";
		};
		CD37107F219A550500281985 /* HomeViewController */ = {
			isa = PBXGroup;
			children = (
				CD2CBAE521978A23005E74D0 /* HomeViewController.swift */,
			);
			path = HomeViewController;
			sourceTree = "<group>";
		};
		CD371080219A550E00281985 /* ViewControllers */ = {
			isa = PBXGroup;
			children = (
				CD371081219A552B00281985 /* ChatViewController */,
				CD37107F219A550500281985 /* HomeViewController */,
				CD2CBAE721979CE8005E74D0 /* BaseViewController */,
			);
			path = ViewControllers;
			sourceTree = "<group>";
		};
		CD371081219A552B00281985 /* ChatViewController */ = {
			isa = PBXGroup;
			children = (
				CD1FF536215DE9EF00175767 /* ChatViewController.swift */,
			);
			path = ChatViewController;
			sourceTree = "<group>";
		};
		CD371082219A555F00281985 /* Views */ = {
			isa = PBXGroup;
			children = (
				CD371083219A556800281985 /* ChatTableViewCell */,
			);
			path = Views;
			sourceTree = "<group>";
		};
		CD371083219A556800281985 /* ChatTableViewCell */ = {
			isa = PBXGroup;
			children = (
				CD63CD5021794E34004A192D /* ChatTableViewCell.swift */,
			);
			path = ChatTableViewCell;
			sourceTree = "<group>";
		};
		CD371084219A55B000281985 /* Models */ = {
			isa = PBXGroup;
			children = (
				CD371085219A55BA00281985 /* Managers */,
			);
			path = Models;
			sourceTree = "<group>";
		};
		CD371085219A55BA00281985 /* Managers */ = {
			isa = PBXGroup;
			children = (
				CD2CBAE321977D07005E74D0 /* SocketManagerIO.swift */,
			);
			path = Managers;
			sourceTree = "<group>";
		};
		CDE6CD07219A5AC300BB9DDC /* Helpers */ = {
			isa = PBXGroup;
			children = (
				CDE6CD08219A5AC900BB9DDC /* Constants */,
			);
			path = Helpers;
			sourceTree = "<group>";
		};
		CDE6CD08219A5AC900BB9DDC /* Constants */ = {
			isa = PBXGroup;
			children = (
				CDE6CD09219A5ADE00BB9DDC /* Constants.swift */,
			);
			path = Constants;
			sourceTree = "<group>";
		};
		DBACACED16C822981274D5B2 /* Pods */ = {
			isa = PBXGroup;
			children = (
				5A7762F60866F8A417A64860 /* Pods-BarbosaMAChat.debug.xcconfig */,
				CBCAAC31EB4E4A2BEB775898 /* Pods-BarbosaMAChat.release.xcconfig */,
			);
			name = Pods;
			sourceTree = "<group>";
		};
/* End PBXGroup section */

/* Begin PBXNativeTarget section */
		CD1FF530215DE9EF00175767 /* BarbosaMAChat */ = {
			isa = PBXNativeTarget;
			buildConfigurationList = CD1FF543215DE9FE00175767 /* Build configuration list for PBXNativeTarget "BarbosaMAChat" */;
			buildPhases = (
				1CAAE2436E3E064F4AFFA3CF /* [CP] Check Pods Manifest.lock */,
				CD1FF52D215DE9EF00175767 /* Sources */,
				CD1FF52E215DE9EF00175767 /* Frameworks */,
				CD1FF52F215DE9EF00175767 /* Resources */,
				B2AC2C6F093C4BB7F6A88576 /* [CP] Embed Pods Frameworks */,
			);
			buildRules = (
			);
			dependencies = (
			);
			name = BarbosaMAChat;
			productName = BarbosaMAChat;
			productReference = CD1FF531215DE9EF00175767 /* BarbosaMAChat.app */;
			productType = "com.apple.product-type.application";
		};
/* End PBXNativeTarget section */

/* Begin PBXProject section */
		CD1FF529215DE9EF00175767 /* Project object */ = {
			isa = PBXProject;
			attributes = {
				LastSwiftUpdateCheck = 0940;
				LastUpgradeCheck = 0940;
				ORGANIZATIONNAME = "Marcos Barbosa";
				TargetAttributes = {
					CD1FF530215DE9EF00175767 = {
						CreatedOnToolsVersion = 9.4.1;
					};
				};
			};
			buildConfigurationList = CD1FF52C215DE9EF00175767 /* Build configuration list for PBXProject "BarbosaMAChat" */;
			compatibilityVersion = "Xcode 9.3";
			developmentRegion = en;
			hasScannedForEncodings = 0;
			knownRegions = (
				Base,
			);
			mainGroup = CD1FF528215DE9EF00175767;
			productRefGroup = CD1FF532215DE9EF00175767 /* Products */;
			projectDirPath = "";
			projectRoot = "";
			targets = (
				CD1FF530215DE9EF00175767 /* BarbosaMAChat */,
			);
		};
/* End PBXProject section */

/* Begin PBXResourcesBuildPhase section */
		CD1FF52F215DE9EF00175767 /* Resources */ = {
			isa = PBXResourcesBuildPhase;
			buildActionMask = 2147483647;
			files = (
				CD1FF53F215DE9FE00175767 /* LaunchScreen.storyboard in Resources */,
				CD1FF53C215DE9FE00175767 /* Assets.xcassets in Resources */,
				CD1FF53A215DE9F000175767 /* Main.storyboard in Resources */,
			);
			runOnlyForDeploymentPostprocessing = 0;
		};
/* End PBXResourcesBuildPhase section */

/* Begin PBXShellScriptBuildPhase section */
		1CAAE2436E3E064F4AFFA3CF /* [CP] Check Pods Manifest.lock */ = {
			isa = PBXShellScriptBuildPhase;
			buildActionMask = 2147483647;
			files = (
			);
			inputFileListPaths = (
			);
			inputPaths = (
				"${PODS_PODFILE_DIR_PATH}/Podfile.lock",
				"${PODS_ROOT}/Manifest.lock",
			);
			name = "[CP] Check Pods Manifest.lock";
			outputFileListPaths = (
			);
			outputPaths = (
				"$(DERIVED_FILE_DIR)/Pods-BarbosaMAChat-checkManifestLockResult.txt",
			);
			runOnlyForDeploymentPostprocessing = 0;
			shellPath = /bin/sh;
			shellScript = "diff \"${PODS_PODFILE_DIR_PATH}/Podfile.lock\" \"${PODS_ROOT}/Manifest.lock\" > /dev/null\nif [ $? != 0 ] ; then\n    # print error to STDERR\n    echo \"error: The sandbox is not in sync with the Podfile.lock. Run 'pod install' or update your CocoaPods installation.\" >&2\n    exit 1\nfi\n# This output is used by Xcode 'outputs' to avoid re-running this script phase.\necho \"SUCCESS\" > \"${SCRIPT_OUTPUT_FILE_0}\"\n";
			showEnvVarsInLog = 0;
		};
		B2AC2C6F093C4BB7F6A88576 /* [CP] Embed Pods Frameworks */ = {
			isa = PBXShellScriptBuildPhase;
			buildActionMask = 2147483647;
			files = (
			);
			inputFileListPaths = (
			);
			inputPaths = (
				"${SRCROOT}/Pods/Target Support Files/Pods-BarbosaMAChat/Pods-BarbosaMAChat-frameworks.sh",
				"${BUILT_PRODUCTS_DIR}/IQKeyboardManagerSwift/IQKeyboardManagerSwift.framework",
				"${BUILT_PRODUCTS_DIR}/Socket.IO-Client-Swift/SocketIO.framework",
				"${BUILT_PRODUCTS_DIR}/Starscream/Starscream.framework",
			);
			name = "[CP] Embed Pods Frameworks";
			outputFileListPaths = (
			);
			outputPaths = (
				"${TARGET_BUILD_DIR}/${FRAMEWORKS_FOLDER_PATH}/IQKeyboardManagerSwift.framework",
				"${TARGET_BUILD_DIR}/${FRAMEWORKS_FOLDER_PATH}/SocketIO.framework",
				"${TARGET_BUILD_DIR}/${FRAMEWORKS_FOLDER_PATH}/Starscream.framework",
			);
			runOnlyForDeploymentPostprocessing = 0;
			shellPath = /bin/sh;
			shellScript = "\"${SRCROOT}/Pods/Target Support Files/Pods-BarbosaMAChat/Pods-BarbosaMAChat-frameworks.sh\"\n";
			showEnvVarsInLog = 0;
		};
/* End PBXShellScriptBuildPhase section */

/* Begin PBXSourcesBuildPhase section */
		CD1FF52D215DE9EF00175767 /* Sources */ = {
			isa = PBXSourcesBuildPhase;
			buildActionMask = 2147483647;
			files = (
				CD1FF537215DE9EF00175767 /* ChatViewController.swift in Sources */,
				CD2CBAE421977D07005E74D0 /* SocketManagerIO.swift in Sources */,
				CD2CBAE621978A23005E74D0 /* HomeViewController.swift in Sources */,
				CD63CD5121794E35004A192D /* ChatTableViewCell.swift in Sources */,
				CDE6CD0A219A5ADE00BB9DDC /* Constants.swift in Sources */,
				CD2CBAE921979CFF005E74D0 /* BaseViewController.swift in Sources */,
				CD1FF535215DE9EF00175767 /* AppDelegate.swift in Sources */,
			);
			runOnlyForDeploymentPostprocessing = 0;
		};
/* End PBXSourcesBuildPhase section */

/* Begin PBXVariantGroup section */
		CD1FF538215DE9F000175767 /* Main.storyboard */ = {
			isa = PBXVariantGroup;
			children = (
				CD1FF539215DE9F000175767 /* Base */,
				CDD1FF97219A72D800597FE0 /* pt-BR */,
			);
			name = Main.storyboard;
			sourceTree = "<group>";
		};
		CD1FF53D215DE9FE00175767 /* LaunchScreen.storyboard */ = {
			isa = PBXVariantGroup;
			children = (
				CD1FF53E215DE9FE00175767 /* Base */,
				CDD1FF98219A72D800597FE0 /* pt-BR */,
			);
			name = LaunchScreen.storyboard;
			sourceTree = "<group>";
		};
/* End PBXVariantGroup section */

/* Begin XCBuildConfiguration section */
		CD1FF541215DE9FE00175767 /* Debug */ = {
			isa = XCBuildConfiguration;
			buildSettings = {
				ALWAYS_SEARCH_USER_PATHS = NO;
				CLANG_ANALYZER_LOCALIZABILITY_NONLOCALIZED = YES;
				CLANG_ANALYZER_NONNULL = YES;
				CLANG_ANALYZER_NUMBER_OBJECT_CONVERSION = YES_AGGRESSIVE;
				CLANG_CXX_LANGUAGE_STANDARD = "gnu++14";
				CLANG_CXX_LIBRARY = "libc++";
				CLANG_ENABLE_MODULES = YES;
				CLANG_ENABLE_OBJC_ARC = YES;
				CLANG_ENABLE_OBJC_WEAK = YES;
				CLANG_WARN_BLOCK_CAPTURE_AUTORELEASING = YES;
				CLANG_WARN_BOOL_CONVERSION = YES;
				CLANG_WARN_COMMA = YES;
				CLANG_WARN_CONSTANT_CONVERSION = YES;
				CLANG_WARN_DEPRECATED_OBJC_IMPLEMENTATIONS = YES;
				CLANG_WARN_DIRECT_OBJC_ISA_USAGE = YES_ERROR;
				CLANG_WARN_DOCUMENTATION_COMMENTS = YES;
				CLANG_WARN_EMPTY_BODY = YES;
				CLANG_WARN_ENUM_CONVERSION = YES;
				CLANG_WARN_INFINITE_RECURSION = YES;
				CLANG_WARN_INT_CONVERSION = YES;
				CLANG_WARN_NON_LITERAL_NULL_CONVERSION = YES;
				CLANG_WARN_OBJC_IMPLICIT_RETAIN_SELF = YES;
				CLANG_WARN_OBJC_LITERAL_CONVERSION = YES;
				CLANG_WARN_OBJC_ROOT_CLASS = YES_ERROR;
				CLANG_WARN_RANGE_LOOP_ANALYSIS = YES;
				CLANG_WARN_STRICT_PROTOTYPES = YES;
				CLANG_WARN_SUSPICIOUS_MOVE = YES;
				CLANG_WARN_UNGUARDED_AVAILABILITY = YES_AGGRESSIVE;
				CLANG_WARN_UNREACHABLE_CODE = YES;
				CLANG_WARN__DUPLICATE_METHOD_MATCH = YES;
				CODE_SIGN_IDENTITY = "iPhone Developer";
				COPY_PHASE_STRIP = NO;
				DEBUG_INFORMATION_FORMAT = dwarf;
				ENABLE_STRICT_OBJC_MSGSEND = YES;
				ENABLE_TESTABILITY = YES;
				GCC_C_LANGUAGE_STANDARD = gnu11;
				GCC_DYNAMIC_NO_PIC = NO;
				GCC_NO_COMMON_BLOCKS = YES;
				GCC_OPTIMIZATION_LEVEL = 0;
				GCC_PREPROCESSOR_DEFINITIONS = (
					"DEBUG=1",
					"$(inherited)",
				);
				GCC_WARN_64_TO_32_BIT_CONVERSION = YES;
				GCC_WARN_ABOUT_RETURN_TYPE = YES_ERROR;
				GCC_WARN_UNDECLARED_SELECTOR = YES;
				GCC_WARN_UNINITIALIZED_AUTOS = YES_AGGRESSIVE;
				GCC_WARN_UNUSED_FUNCTION = YES;
				GCC_WARN_UNUSED_VARIABLE = YES;
				IPHONEOS_DEPLOYMENT_TARGET = 11.4;
				MTL_ENABLE_DEBUG_INFO = YES;
				ONLY_ACTIVE_ARCH = YES;
				SDKROOT = iphoneos;
				SWIFT_ACTIVE_COMPILATION_CONDITIONS = DEBUG;
				SWIFT_OPTIMIZATION_LEVEL = "-Onone";
			};
			name = Debug;
		};
		CD1FF542215DE9FE00175767 /* Release */ = {
			isa = XCBuildConfiguration;
			buildSettings = {
				ALWAYS_SEARCH_USER_PATHS = NO;
				CLANG_ANALYZER_LOCALIZABILITY_NONLOCALIZED = YES;
				CLANG_ANALYZER_NONNULL = YES;
				CLANG_ANALYZER_NUMBER_OBJECT_CONVERSION = YES_AGGRESSIVE;
				CLANG_CXX_LANGUAGE_STANDARD = "gnu++14";
				CLANG_CXX_LIBRARY = "libc++";
				CLANG_ENABLE_MODULES = YES;
				CLANG_ENABLE_OBJC_ARC = YES;
				CLANG_ENABLE_OBJC_WEAK = YES;
				CLANG_WARN_BLOCK_CAPTURE_AUTORELEASING = YES;
				CLANG_WARN_BOOL_CONVERSION = YES;
				CLANG_WARN_COMMA = YES;
				CLANG_WARN_CONSTANT_CONVERSION = YES;
				CLANG_WARN_DEPRECATED_OBJC_IMPLEMENTATIONS = YES;
				CLANG_WARN_DIRECT_OBJC_ISA_USAGE = YES_ERROR;
				CLANG_WARN_DOCUMENTATION_COMMENTS = YES;
				CLANG_WARN_EMPTY_BODY = YES;
				CLANG_WARN_ENUM_CONVERSION = YES;
				CLANG_WARN_INFINITE_RECURSION = YES;
				CLANG_WARN_INT_CONVERSION = YES;
				CLANG_WARN_NON_LITERAL_NULL_CONVERSION = YES;
				CLANG_WARN_OBJC_IMPLICIT_RETAIN_SELF = YES;
				CLANG_WARN_OBJC_LITERAL_CONVERSION = YES;
				CLANG_WARN_OBJC_ROOT_CLASS = YES_ERROR;
				CLANG_WARN_RANGE_LOOP_ANALYSIS = YES;
				CLANG_WARN_STRICT_PROTOTYPES = YES;
				CLANG_WARN_SUSPICIOUS_MOVE = YES;
				CLANG_WARN_UNGUARDED_AVAILABILITY = YES_AGGRESSIVE;
				CLANG_WARN_UNREACHABLE_CODE = YES;
				CLANG_WARN__DUPLICATE_METHOD_MATCH = YES;
				CODE_SIGN_IDENTITY = "iPhone Developer";
				COPY_PHASE_STRIP = NO;
				DEBUG_INFORMATION_FORMAT = "dwarf-with-dsym";
				ENABLE_NS_ASSERTIONS = NO;
				ENABLE_STRICT_OBJC_MSGSEND = YES;
				GCC_C_LANGUAGE_STANDARD = gnu11;
				GCC_NO_COMMON_BLOCKS = YES;
				GCC_WARN_64_TO_32_BIT_CONVERSION = YES;
				GCC_WARN_ABOUT_RETURN_TYPE = YES_ERROR;
				GCC_WARN_UNDECLARED_SELECTOR = YES;
				GCC_WARN_UNINITIALIZED_AUTOS = YES_AGGRESSIVE;
				GCC_WARN_UNUSED_FUNCTION = YES;
				GCC_WARN_UNUSED_VARIABLE = YES;
				IPHONEOS_DEPLOYMENT_TARGET = 11.4;
				MTL_ENABLE_DEBUG_INFO = NO;
				SDKROOT = iphoneos;
				SWIFT_COMPILATION_MODE = wholemodule;
				SWIFT_OPTIMIZATION_LEVEL = "-O";
				VALIDATE_PRODUCT = YES;
			};
			name = Release;
		};
		CD1FF544215DE9FE00175767 /* Debug */ = {
			isa = XCBuildConfiguration;
			baseConfigurationReference = 5A7762F60866F8A417A64860 /* Pods-BarbosaMAChat.debug.xcconfig */;
			buildSettings = {
				ASSETCATALOG_COMPILER_APPICON_NAME = AppIcon;
				CODE_SIGN_STYLE = Automatic;
				DEVELOPMENT_TEAM = S8T5Q694LC;
				INFOPLIST_FILE = BarbosaMAChat/Info.plist;
				LD_RUNPATH_SEARCH_PATHS = (
					"$(inherited)",
					"@executable_path/Frameworks",
				);
				PRODUCT_BUNDLE_IDENTIFIER = ar.BarbosaMAChat;
				PRODUCT_NAME = "$(TARGET_NAME)";
				SWIFT_VERSION = 4.0;
				TARGETED_DEVICE_FAMILY = "1,2";
			};
			name = Debug;
		};
		CD1FF545215DE9FE00175767 /* Release */ = {
			isa = XCBuildConfiguration;
			baseConfigurationReference = CBCAAC31EB4E4A2BEB775898 /* Pods-BarbosaMAChat.release.xcconfig */;
			buildSettings = {
				ASSETCATALOG_COMPILER_APPICON_NAME = AppIcon;
				CODE_SIGN_STYLE = Automatic;
				DEVELOPMENT_TEAM = S8T5Q694LC;
				INFOPLIST_FILE = BarbosaMAChat/Info.plist;
				LD_RUNPATH_SEARCH_PATHS = (
					"$(inherited)",
					"@executable_path/Frameworks",
				);
				PRODUCT_BUNDLE_IDENTIFIER = ar.BarbosaMAChat;
				PRODUCT_NAME = "$(TARGET_NAME)";
				SWIFT_VERSION = 4.0;
				TARGETED_DEVICE_FAMILY = "1,2";
			};
			name = Release;
		};
/* End XCBuildConfiguration section */

/* Begin XCConfigurationList section */
		CD1FF52C215DE9EF00175767 /* Build configuration list for PBXProject "BarbosaMAChat" */ = {
			isa = XCConfigurationList;
			buildConfigurations = (
				CD1FF541215DE9FE00175767 /* Debug */,
				CD1FF542215DE9FE00175767 /* Release */,
			);
			defaultConfigurationIsVisible = 0;
			defaultConfigurationName = Release;
		};
		CD1FF543215DE9FE00175767 /* Build configuration list for PBXNativeTarget "BarbosaMAChat" */ = {
			isa = XCConfigurationList;
			buildConfigurations = (
				CD1FF544215DE9FE00175767 /* Debug */,
				CD1FF545215DE9FE00175767 /* Release */,
			);
			defaultConfigurationIsVisible = 0;
			defaultConfigurationName = Release;
		};
/* End XCConfigurationList section */
	};
	rootObject = CD1FF529215DE9EF00175767 /* Project object */;
}
